PODS:
  - Alamofire (4.9.1)
  - AlamofireObjectMapper (5.2.1):
    - Alamofire (~> 4.7)
    - ObjectMapper (~> 3.4)
  - BBBadgeBarButtonItem (1.2)
  - FormatterKit (1.9.0):
    - FormatterKit/AddressFormatter (= 1.9.0)
    - FormatterKit/ArrayFormatter (= 1.9.0)
    - FormatterKit/ColorFormatter (= 1.9.0)
    - FormatterKit/LocationFormatter (= 1.9.0)
    - FormatterKit/NameFormatter (= 1.9.0)
    - FormatterKit/OrdinalNumberFormatter (= 1.9.0)
    - FormatterKit/Resources (= 1.9.0)
    - FormatterKit/TimeIntervalFormatter (= 1.9.0)
    - FormatterKit/UnitOfInformationFormatter (= 1.9.0)
    - FormatterKit/URLRequestFormatter (= 1.9.0)
  - FormatterKit/AddressFormatter (1.9.0):
    - FormatterKit/Resources
  - FormatterKit/ArrayFormatter (1.9.0):
    - FormatterKit/Resources
  - FormatterKit/ColorFormatter (1.9.0):
    - FormatterKit/Resources
  - FormatterKit/LocationFormatter (1.9.0):
    - FormatterKit/Resources
  - FormatterKit/NameFormatter (1.9.0):
    - FormatterKit/Resources
  - FormatterKit/OrdinalNumberFormatter (1.9.0):
    - FormatterKit/Resources
  - FormatterKit/Resources (1.9.0)
  - FormatterKit/TimeIntervalFormatter (1.9.0):
    - FormatterKit/Resources
  - FormatterKit/UnitOfInformationFormatter (1.9.0):
    - FormatterKit/Resources
  - FormatterKit/URLRequestFormatter (1.9.0):
    - FormatterKit/Resources
  - iCarousel (1.8.3)
  - MBProgressHUD (1.2.0)
  - ObjectMapper (3.5.2)
  - PMAlertController (4.0.0)
  - SDWebImage (4.4.8):
    - SDWebImage/Core (= 4.4.8)
  - SDWebImage/Core (4.4.8)

DEPENDENCIES:
  - Alamofire
  - AlamofireObjectMapper (~> 5.2)
  - BBBadgeBarButtonItem
  - FormatterKit
  - iCarousel (~> 1.8)
  - MBProgressHUD
  - PMAlertController
  - SDWebImage (~> 4.0)

SPEC REPOS:
  https://github.com/cocoapods/specs.git:
    - Alamofire
    - AlamofireObjectMapper
    - BBBadgeBarButtonItem
    - FormatterKit
    - iCarousel
    - MBProgressHUD
    - ObjectMapper
    - PMAlertController
    - SDWebImage

SPEC CHECKSUMS:
  Alamofire: 85e8a02c69d6020a0d734f6054870d7ecb75cf18
  AlamofireObjectMapper: 1989f690e982b71921b9253f53a4f33a9bc00d88
  BBBadgeBarButtonItem: c2fbca0bff18e21b70defc9438a8a5048008e7ca
  FormatterKit: 184db51bf120b633693a73624a4cede89ec51a41
  iCarousel: d782f635afac190c49bb8ee455882284cff8b85f
  MBProgressHUD: 3ee5efcc380f6a79a7cc9b363dd669c5e1ae7406
  ObjectMapper: b53ae947d370bf89423e86be7d4e2d2b2a8d3f40
  PMAlertController: 5fad2da8b9eb687134ed50c3462fed12c3afe976
  SDWebImage: 783af2c3fa36291a250030c4752ee370a9a51d13

PODFILE CHECKSUM: 0aac162c17be00b76d51e7b6d9678c1cb47d72a8

COCOAPODS: 1.7.0
