PODS:
  - Alamofire (5.0.0-rc.2)
  - AlamofireObjectMapper (6.2.0):
    - Alamofire (= 5.0.0-rc.2)
    - ObjectMapper (~> 3.5.1)
  - BBBadgeBarButtonItem (1.2)
  - FormatterKit (1.9.0):
    - FormatterKit/AddressFormatter (= 1.9.0)
    - FormatterKit/ArrayFormatter (= 1.9.0)
    - FormatterKit/ColorFormatter (= 1.9.0)
    - FormatterKit/LocationFormatter (= 1.9.0)
    - FormatterKit/NameFormatter (= 1.9.0)
    - FormatterKit/OrdinalNumberFormatter (= 1.9.0)
    - FormatterKit/Resources (= 1.9.0)
    - FormatterKit/TimeIntervalFormatter (= 1.9.0)
    - FormatterKit/UnitOfInformationFormatter (= 1.9.0)
    - FormatterKit/URLRequestFormatter (= 1.9.0)
  - FormatterKit/AddressFormatter (1.9.0):
    - FormatterKit/Resources
  - FormatterKit/ArrayFormatter (1.9.0):
    - FormatterKit/Resources
  - FormatterKit/ColorFormatter (1.9.0):
    - FormatterKit/Resources
  - FormatterKit/LocationFormatter (1.9.0):
    - FormatterKit/Resources
  - FormatterKit/NameFormatter (1.9.0):
    - FormatterKit/Resources
  - FormatterKit/OrdinalNumberFormatter (1.9.0):
    - FormatterKit/Resources
  - FormatterKit/Resources (1.9.0)
  - FormatterKit/TimeIntervalFormatter (1.9.0):
    - FormatterKit/Resources
  - FormatterKit/UnitOfInformationFormatter (1.9.0):
    - FormatterKit/Resources
  - FormatterKit/URLRequestFormatter (1.9.0):
    - FormatterKit/Resources
  - iCarousel (1.8.3)
  - MBProgressHUD (1.2.0)
  - ObjectMapper (3.5.2)
  - PMAlertController (4.0.0)
  - SDWebImage (5.6.1):
    - SDWebImage/Core (= 5.6.1)
  - SDWebImage/Core (5.6.1)

DEPENDENCIES:
  - Alamofire
  - AlamofireObjectMapper
  - BBBadgeBarButtonItem
  - FormatterKit
  - iCarousel (~> 1.8)
  - MBProgressHUD
  - PMAlertController
  - SDWebImage

SPEC REPOS:
  trunk:
    - Alamofire
    - AlamofireObjectMapper
    - BBBadgeBarButtonItem
    - FormatterKit
    - iCarousel
    - MBProgressHUD
    - ObjectMapper
    - PMAlertController
    - SDWebImage

SPEC CHECKSUMS:
  Alamofire: f9450d3c7f6bea2ad62e7a541c3e9b186c7991d6
  AlamofireObjectMapper: 74d1440c92c42bbcc2b5f4dc81654ac095ec669f
  BBBadgeBarButtonItem: c2fbca0bff18e21b70defc9438a8a5048008e7ca
  FormatterKit: 184db51bf120b633693a73624a4cede89ec51a41
  iCarousel: d782f635afac190c49bb8ee455882284cff8b85f
  MBProgressHUD: 3ee5efcc380f6a79a7cc9b363dd669c5e1ae7406
  ObjectMapper: b53ae947d370bf89423e86be7d4e2d2b2a8d3f40
  PMAlertController: 5fad2da8b9eb687134ed50c3462fed12c3afe976
  SDWebImage: 7edb9c3ea661e77a66661f7f044de8c1b55d1120

PODFILE CHECKSUM: bbaf5c4ab3171d2e7b984460fcd586c6d71c036b

COCOAPODS: 1.8.3
